
Microsoft Visual Studio Solution File, Format Version 11.00
# Visual Studio 2010
Project("{FAE04EC0-301F-11D3-BF4B-00C04F79EFBC}") = "AutoF5Lib", "AutoF5Lib\AutoF5Lib.csproj", "{76702FCE-0B13-4FAE-80D5-8BC29427D0F1}"
EndProject
Project("{2150E333-8FDC-42A3-9474-1A3956D46DE8}") = "Items", "Items", "{FFC1B907-8D25-47FE-B3CE-39EF41627632}"
	ProjectSection(SolutionItems) = preProject
		AutoF5Demo.png = AutoF5Demo.png
		NugetPackage\Package.nuspec = NugetPackage\Package.nuspec
		README.md = README.md
		NugetPackage\content\web.config.transform = NugetPackage\content\web.config.transform
	EndProjectSection
EndProject
Project("{2150E333-8FDC-42A3-9474-1A3956D46DE8}") = "Test", "Test", "{D68FB18E-BD22-482F-979B-9C55CE6C1046}"
EndProject
Project("{FAE04EC0-301F-11D3-BF4B-00C04F79EFBC}") = "Mvc3AppTest", "Test\Mvc3AppTest\Mvc3AppTest.csproj", "{B89E34E5-676C-4A35-804F-74633E254D47}"
EndProject
Project("{FAE04EC0-301F-11D3-BF4B-00C04F79EFBC}") = "Mvc4AppTest", "Mvc4AppTest\Mvc4AppTest.csproj", "{671B8D4D-F881-4C86-A4EC-E98A1434A3F9}"
EndProject
Global
	GlobalSection(SolutionConfigurationPlatforms) = preSolution
		Debug|Any CPU = Debug|Any CPU
		Release|Any CPU = Release|Any CPU
	EndGlobalSection
	GlobalSection(ProjectConfigurationPlatforms) = postSolution
		{76702FCE-0B13-4FAE-80D5-8BC29427D0F1}.Debug|Any CPU.ActiveCfg = Debug|Any CPU
		{76702FCE-0B13-4FAE-80D5-8BC29427D0F1}.Debug|Any CPU.Build.0 = Debug|Any CPU
		{76702FCE-0B13-4FAE-80D5-8BC29427D0F1}.Release|Any CPU.ActiveCfg = Release|Any CPU
		{76702FCE-0B13-4FAE-80D5-8BC29427D0F1}.Release|Any CPU.Build.0 = Release|Any CPU
		{B89E34E5-676C-4A35-804F-74633E254D47}.Debug|Any CPU.ActiveCfg = Debug|Any CPU
		{B89E34E5-676C-4A35-804F-74633E254D47}.Debug|Any CPU.Build.0 = Debug|Any CPU
		{B89E34E5-676C-4A35-804F-74633E254D47}.Release|Any CPU.ActiveCfg = Release|Any CPU
		{B89E34E5-676C-4A35-804F-74633E254D47}.Release|Any CPU.Build.0 = Release|Any CPU
		{671B8D4D-F881-4C86-A4EC-E98A1434A3F9}.Debug|Any CPU.ActiveCfg = Debug|Any CPU
		{671B8D4D-F881-4C86-A4EC-E98A1434A3F9}.Debug|Any CPU.Build.0 = Debug|Any CPU
		{671B8D4D-F881-4C86-A4EC-E98A1434A3F9}.Release|Any CPU.ActiveCfg = Release|Any CPU
		{671B8D4D-F881-4C86-A4EC-E98A1434A3F9}.Release|Any CPU.Build.0 = Release|Any CPU
	EndGlobalSection
	GlobalSection(SolutionProperties) = preSolution
		HideSolutionNode = FALSE
	EndGlobalSection
	GlobalSection(NestedProjects) = preSolution
		{B89E34E5-676C-4A35-804F-74633E254D47} = {D68FB18E-BD22-482F-979B-9C55CE6C1046}
		{671B8D4D-F881-4C86-A4EC-E98A1434A3F9} = {D68FB18E-BD22-482F-979B-9C55CE6C1046}
	EndGlobalSection
EndGlobal
